
Microsoft Visual Studio Solution File, Format Version 12.00
# Visual Studio Version 16
VisualStudioVersion = 16.0.29326.143
MinimumVisualStudioVersion = 10.0.40219.1
Project("{FAE04EC0-301F-11D3-BF4B-00C04F79EFBC}") = "SpecialItemPack", "SpecialItemPack.csproj", "{53E74F6C-45E4-469F-B650-D3B819360213}"
EndProject
Global
	GlobalSection(SolutionConfigurationPlatforms) = preSolution
		Debug|Any CPU = Debug|Any CPU
		Release|Any CPU = Release|Any CPU
	EndGlobalSection
	GlobalSection(ProjectConfigurationPlatforms) = postSolution
		{53E74F6C-45E4-469F-B650-D3B819360213}.Debug|Any CPU.ActiveCfg = Debug|Any CPU
		{53E74F6C-45E4-469F-B650-D3B819360213}.Debug|Any CPU.Build.0 = Debug|Any CPU
		{53E74F6C-45E4-469F-B650-D3B819360213}.Release|Any CPU.ActiveCfg = Release|Any CPU
		{53E74F6C-45E4-469F-B650-D3B819360213}.Release|Any CPU.Build.0 = Release|Any CPU
	EndGlobalSection
	GlobalSection(SolutionProperties) = preSolution
		HideSolutionNode = FALSE
	EndGlobalSection
	GlobalSection(ExtensibilityGlobals) = postSolution
		SolutionGuid = {F751D1ED-838A-475C-97C6-3C9C7A18F406}
	EndGlobalSection
EndGlobal
